Microsoft Visual Studio Solution File, Format Version 12.00
# Visual Studio Version 17
VisualStudioVersion = 17.5.2.0
MinimumVisualStudioVersion = 10.0.40219.1
Project("{FAE04EC0-301F-11D3-BF4B-00C04F79EFBC}") = "zana", "zana.csproj", "{7238069D-FD20-FE12-5B17-A946EC85FD0A}"
EndProject
Global
	GlobalSection(SolutionConfigurationPlatforms) = preSolution
		Debug|Any CPU = Debug|Any CPU
		Release|Any CPU = Release|Any CPU
	EndGlobalSection
	GlobalSection(ProjectConfigurationPlatforms) = postSolution
		{7238069D-FD20-FE12-5B17-A946EC85FD0A}.Debug|Any CPU.ActiveCfg = Debug|Any CPU
		{7238069D-FD20-FE12-5B17-A946EC85FD0A}.Debug|Any CPU.Build.0 = Debug|Any CPU
		{7238069D-FD20-FE12-5B17-A946EC85FD0A}.Release|Any CPU.ActiveCfg = Release|Any CPU
		{7238069D-FD20-FE12-5B17-A946EC85FD0A}.Release|Any CPU.Build.0 = Release|Any CPU
	EndGlobalSection
	GlobalSection(SolutionProperties) = preSolution
		HideSolutionNode = FALSE
	EndGlobalSection
	GlobalSection(ExtensibilityGlobals) = postSolution
		SolutionGuid = {76AA6F6E-E30D-44AB-A844-11FF2890BABA}
	EndGlobalSection
EndGlobal
